
Microsoft Visual Studio Solution File, Format Version 12.00
# Visual Studio Version 17
VisualStudioVersion = 17.7.34024.191
MinimumVisualStudioVersion = 10.0.40219.1
Project("{2150E333-8FDC-42A3-9474-1A3956D46DE8}") = "Data", "Data", "{B1CEC8BF-02BF-4B8A-A984-FBEBF4BB4394}"
EndProject
Project("{2150E333-8FDC-42A3-9474-1A3956D46DE8}") = "Services", "Services", "{404F04A8-0D26-42D8-BA98-260BFDAB1D7F}"
EndProject
Project("{2150E333-8FDC-42A3-9474-1A3956D46DE8}") = "Shared", "Shared", "{6BBFA55B-A8F7-4C71-A1B3-72DC0782F130}"
EndProject
Project("{2150E333-8FDC-42A3-9474-1A3956D46DE8}") = "Systems", "Systems", "{041C48F9-5561-4371-B11F-CE0C4095F92C}"
EndProject
Project("{2150E333-8FDC-42A3-9474-1A3956D46DE8}") = "Tests", "Tests", "{9FACB3B0-4D1D-456A-87E4-3BA202EA9B1E}"
EndProject
Project("{2150E333-8FDC-42A3-9474-1A3956D46DE8}") = "Api", "Api", "{DF0EEABE-B3BF-476E-BB91-422A158ABB7D}"
EndProject
Project("{2150E333-8FDC-42A3-9474-1A3956D46DE8}") = "Worker", "Worker", "{290C4193-D47E-4EC6-9890-8F1793CA21D8}"
EndProject
Project("{2150E333-8FDC-42A3-9474-1A3956D46DE8}") = "Web", "Web", "{45F2C2A4-A692-4DEC-B7D3-4836675C3D99}"
EndProject
Project("{9A19103F-16F7-4668-BE54-9A1E7A4F7556}") = "NetSchool.Api", "Systems\Api\NetSchool.Api\NetSchool.Api.csproj", "{BF67E6F3-A745-4EE8-98A5-E162304DFB48}"
EndProject
Project("{9A19103F-16F7-4668-BE54-9A1E7A4F7556}") = "NetSchool.Common", "Shared\NetSchool.Common\NetSchool.Common.csproj", "{51D00AE0-5DE9-44D6-8FC2-A7E7DF29DD2C}"
EndProject
Project("{9A19103F-16F7-4668-BE54-9A1E7A4F7556}") = "NetSchool.Services.Settings", "Services\NetSchool.Services.Settings\NetSchool.Services.Settings.csproj", "{6FE9D463-4814-4281-9687-DF581F206E83}"
EndProject
Project("{9A19103F-16F7-4668-BE54-9A1E7A4F7556}") = "NetSchool.Services.Logger", "Services\NetSchool.Services.Logger\NetSchool.Services.Logger.csproj", "{753F4E8A-C77F-4563-81C4-49B9F806B907}"
EndProject
Project("{9A19103F-16F7-4668-BE54-9A1E7A4F7556}") = "NetSchool.Context.Entities", "Data\NetSchool.Context.Entities\NetSchool.Context.Entities.csproj", "{DAF12E78-3D07-4406-BC2E-5BC45BB7BE46}"
EndProject
Project("{9A19103F-16F7-4668-BE54-9A1E7A4F7556}") = "NetSchool.Context", "Data\NetSchool.Context\NetSchool.Context.csproj", "{442E5A65-4334-4B9B-8494-8C0EF2204DD4}"
EndProject
Project("{2150E333-8FDC-42A3-9474-1A3956D46DE8}") = "Migrations", "Migrations", "{BB502AE1-1D5D-41DF-B468-12D881679904}"
EndProject
Project("{9A19103F-16F7-4668-BE54-9A1E7A4F7556}") = "NetSchool.Context.Migrations.MSSQL", "Data\NetSchool.Context.Migrations\NetSchool.Context.Migrations.MSSQL\NetSchool.Context.Migrations.MSSQL.csproj", "{BA61122B-58B2-4022-BDBD-C8D14620E048}"
EndProject
Project("{9A19103F-16F7-4668-BE54-9A1E7A4F7556}") = "NetSchool.Context.Migrations.PgSql", "Data\NetSchool.Context.Migrations\NetSchool.Context.Migrations.PgSql\NetSchool.Context.Migrations.PgSql.csproj", "{2616F128-6387-4BED-84A3-036A80201A87}"
EndProject
Project("{9A19103F-16F7-4668-BE54-9A1E7A4F7556}") = "NetSchool.Context.Migrations.MySql", "Data\NetSchool.Context.Migrations\NetSchool.Context.Migrations.MySql\NetSchool.Context.Migrations.MySql.csproj", "{0657E571-82F3-4773-B713-94C197FAC37C}"
EndProject
Project("{9A19103F-16F7-4668-BE54-9A1E7A4F7556}") = "NetSchool.Context.Seeder", "Data\NetSchool.Context.Seeder\NetSchool.Context.Seeder.csproj", "{406F300B-0DBD-41EC-8B21-FFCB92AE304F}"
EndProject
Project("{9A19103F-16F7-4668-BE54-9A1E7A4F7556}") = "NetSchool.Api.Settings", "Systems\Api\NetSchool.Api.Settings\NetSchool.Api.Settings.csproj", "{CADF60A8-3B97-4649-B951-746806222EDD}"
EndProject
Project("{9A19103F-16F7-4668-BE54-9A1E7A4F7556}") = "NetSchool.Services.Books", "Services\NetSchool.Services.Books\NetSchool.Services.Books.csproj", "{DB9EA682-AB47-4147-A8B7-093E32962765}"
EndProject
Project("{2150E333-8FDC-42A3-9474-1A3956D46DE8}") = "_docker", "_docker", "{C3988BC8-DDD7-4270-ABF3-85F688889688}"
	ProjectSection(SolutionItems) = preProject
		docker-compose.override.yml = docker-compose.override.yml
		docker-compose.yml = docker-compose.yml
		env.api = env.api
		env.identity = env.identity
		env.worker = env.worker
	EndProjectSection
EndProject
Project("{9A19103F-16F7-4668-BE54-9A1E7A4F7556}") = "NetSchool.Services.RabbitMq", "Services\NetSchool.Services.RabbitMq\NetSchool.Services.RabbitMq.csproj", "{A0088E10-3D55-43B4-8985-2410181F00C1}"
EndProject
Project("{9A19103F-16F7-4668-BE54-9A1E7A4F7556}") = "NetSchool.Services.Actions", "Services\NetSchool.Services.Actions\NetSchool.Services.Actions.csproj", "{2FFAB613-4F32-47EE-B789-166B573EECEB}"
EndProject
Project("{9A19103F-16F7-4668-BE54-9A1E7A4F7556}") = "NetSchool.Worker", "Systems\Worker\NetSchool.Worker\NetSchool.Worker.csproj", "{9264FD57-F19F-45AA-A324-8D48E834F821}"
EndProject
Project("{2150E333-8FDC-42A3-9474-1A3956D46DE8}") = "Identity", "Identity", "{EC7D5BA8-FD8C-4B1D-B610-2FCE70C831E5}"
EndProject
Project("{9A19103F-16F7-4668-BE54-9A1E7A4F7556}") = "NetSchool.Identity", "Systems\Identity\NetSchool.Identity\NetSchool.Identity.csproj", "{DF41994A-230F-49C2-8674-C8D2EE5E444C}"
EndProject
Project("{9A19103F-16F7-4668-BE54-9A1E7A4F7556}") = "NetSchool.Services.UserAccount", "Services\NetSchool.Services.UserAccount\NetSchool.Services.UserAccount.csproj", "{7AAD5BFE-6017-4ED3-9414-ECAE22F46D4F}"
EndProject
Project("{9A19103F-16F7-4668-BE54-9A1E7A4F7556}") = "NetSchool.Services.Authors", "Services\NetSchool.Services.Authors\NetSchool.Services.Authors.csproj", "{762E0E75-61F8-4056-9C73-C85A34BC1EC8}"
EndProject
Project("{9A19103F-16F7-4668-BE54-9A1E7A4F7556}") = "NetSchool.Web", "Systems\Web\NetSchool.Web\NetSchool.Web.csproj", "{ECA8C91C-9C46-4FA9-A1AB-5AFFF7E28A3E}"
EndProject
Project("{FAE04EC0-301F-11D3-BF4B-00C04F79EFBC}") = "NetSchool.Test.Api", "Test\NetSchool.Test.Api\NetSchool.Test.Api.csproj", "{C66CFC6D-0C67-4716-BBFD-D2DC885B1C9B}"
EndProject
Global
	GlobalSection(SolutionConfigurationPlatforms) = preSolution
		Debug|Any CPU = Debug|Any CPU
		Release|Any CPU = Release|Any CPU
	EndGlobalSection
	GlobalSection(ProjectConfigurationPlatforms) = postSolution
		{BF67E6F3-A745-4EE8-98A5-E162304DFB48}.Debug|Any CPU.ActiveCfg = Debug|Any CPU
		{BF67E6F3-A745-4EE8-98A5-E162304DFB48}.Debug|Any CPU.Build.0 = Debug|Any CPU
		{BF67E6F3-A745-4EE8-98A5-E162304DFB48}.Release|Any CPU.ActiveCfg = Release|Any CPU
		{BF67E6F3-A745-4EE8-98A5-E162304DFB48}.Release|Any CPU.Build.0 = Release|Any CPU
		{51D00AE0-5DE9-44D6-8FC2-A7E7DF29DD2C}.Debug|Any CPU.ActiveCfg = Debug|Any CPU
		{51D00AE0-5DE9-44D6-8FC2-A7E7DF29DD2C}.Debug|Any CPU.Build.0 = Debug|Any CPU
		{51D00AE0-5DE9-44D6-8FC2-A7E7DF29DD2C}.Release|Any CPU.ActiveCfg = Release|Any CPU
		{51D00AE0-5DE9-44D6-8FC2-A7E7DF29DD2C}.Release|Any CPU.Build.0 = Release|Any CPU
		{6FE9D463-4814-4281-9687-DF581F206E83}.Debug|Any CPU.ActiveCfg = Debug|Any CPU
		{6FE9D463-4814-4281-9687-DF581F206E83}.Debug|Any CPU.Build.0 = Debug|Any CPU
		{6FE9D463-4814-4281-9687-DF581F206E83}.Release|Any CPU.ActiveCfg = Release|Any CPU
		{6FE9D463-4814-4281-9687-DF581F206E83}.Release|Any CPU.Build.0 = Release|Any CPU
		{753F4E8A-C77F-4563-81C4-49B9F806B907}.Debug|Any CPU.ActiveCfg = Debug|Any CPU
		{753F4E8A-C77F-4563-81C4-49B9F806B907}.Debug|Any CPU.Build.0 = Debug|Any CPU
		{753F4E8A-C77F-4563-81C4-49B9F806B907}.Release|Any CPU.ActiveCfg = Release|Any CPU
		{753F4E8A-C77F-4563-81C4-49B9F806B907}.Release|Any CPU.Build.0 = Release|Any CPU
		{DAF12E78-3D07-4406-BC2E-5BC45BB7BE46}.Debug|Any CPU.ActiveCfg = Debug|Any CPU
		{DAF12E78-3D07-4406-BC2E-5BC45BB7BE46}.Debug|Any CPU.Build.0 = Debug|Any CPU
		{DAF12E78-3D07-4406-BC2E-5BC45BB7BE46}.Release|Any CPU.ActiveCfg = Release|Any CPU
		{DAF12E78-3D07-4406-BC2E-5BC45BB7BE46}.Release|Any CPU.Build.0 = Release|Any CPU
		{442E5A65-4334-4B9B-8494-8C0EF2204DD4}.Debug|Any CPU.ActiveCfg = Debug|Any CPU
		{442E5A65-4334-4B9B-8494-8C0EF2204DD4}.Debug|Any CPU.Build.0 = Debug|Any CPU
		{442E5A65-4334-4B9B-8494-8C0EF2204DD4}.Release|Any CPU.ActiveCfg = Release|Any CPU
		{442E5A65-4334-4B9B-8494-8C0EF2204DD4}.Release|Any CPU.Build.0 = Release|Any CPU
		{BA61122B-58B2-4022-BDBD-C8D14620E048}.Debug|Any CPU.ActiveCfg = Debug|Any CPU
		{BA61122B-58B2-4022-BDBD-C8D14620E048}.Debug|Any CPU.Build.0 = Debug|Any CPU
		{BA61122B-58B2-4022-BDBD-C8D14620E048}.Release|Any CPU.ActiveCfg = Release|Any CPU
		{BA61122B-58B2-4022-BDBD-C8D14620E048}.Release|Any CPU.Build.0 = Release|Any CPU
		{2616F128-6387-4BED-84A3-036A80201A87}.Debug|Any CPU.ActiveCfg = Debug|Any CPU
		{2616F128-6387-4BED-84A3-036A80201A87}.Debug|Any CPU.Build.0 = Debug|Any CPU
		{2616F128-6387-4BED-84A3-036A80201A87}.Release|Any CPU.ActiveCfg = Release|Any CPU
		{2616F128-6387-4BED-84A3-036A80201A87}.Release|Any CPU.Build.0 = Release|Any CPU
		{0657E571-82F3-4773-B713-94C197FAC37C}.Debug|Any CPU.ActiveCfg = Debug|Any CPU
		{0657E571-82F3-4773-B713-94C197FAC37C}.Debug|Any CPU.Build.0 = Debug|Any CPU
		{0657E571-82F3-4773-B713-94C197FAC37C}.Release|Any CPU.ActiveCfg = Release|Any CPU
		{0657E571-82F3-4773-B713-94C197FAC37C}.Release|Any CPU.Build.0 = Release|Any CPU
		{406F300B-0DBD-41EC-8B21-FFCB92AE304F}.Debug|Any CPU.ActiveCfg = Debug|Any CPU
		{406F300B-0DBD-41EC-8B21-FFCB92AE304F}.Debug|Any CPU.Build.0 = Debug|Any CPU
		{406F300B-0DBD-41EC-8B21-FFCB92AE304F}.Release|Any CPU.ActiveCfg = Release|Any CPU
		{406F300B-0DBD-41EC-8B21-FFCB92AE304F}.Release|Any CPU.Build.0 = Release|Any CPU
		{CADF60A8-3B97-4649-B951-746806222EDD}.Debug|Any CPU.ActiveCfg = Debug|Any CPU
		{CADF60A8-3B97-4649-B951-746806222EDD}.Debug|Any CPU.Build.0 = Debug|Any CPU
		{CADF60A8-3B97-4649-B951-746806222EDD}.Release|Any CPU.ActiveCfg = Release|Any CPU
		{CADF60A8-3B97-4649-B951-746806222EDD}.Release|Any CPU.Build.0 = Release|Any CPU
		{DB9EA682-AB47-4147-A8B7-093E32962765}.Debug|Any CPU.ActiveCfg = Debug|Any CPU
		{DB9EA682-AB47-4147-A8B7-093E32962765}.Debug|Any CPU.Build.0 = Debug|Any CPU
		{DB9EA682-AB47-4147-A8B7-093E32962765}.Release|Any CPU.ActiveCfg = Release|Any CPU
		{DB9EA682-AB47-4147-A8B7-093E32962765}.Release|Any CPU.Build.0 = Release|Any CPU
		{A0088E10-3D55-43B4-8985-2410181F00C1}.Debug|Any CPU.ActiveCfg = Debug|Any CPU
		{A0088E10-3D55-43B4-8985-2410181F00C1}.Debug|Any CPU.Build.0 = Debug|Any CPU
		{A0088E10-3D55-43B4-8985-2410181F00C1}.Release|Any CPU.ActiveCfg = Release|Any CPU
		{A0088E10-3D55-43B4-8985-2410181F00C1}.Release|Any CPU.Build.0 = Release|Any CPU
		{2FFAB613-4F32-47EE-B789-166B573EECEB}.Debug|Any CPU.ActiveCfg = Debug|Any CPU
		{2FFAB613-4F32-47EE-B789-166B573EECEB}.Debug|Any CPU.Build.0 = Debug|Any CPU
		{2FFAB613-4F32-47EE-B789-166B573EECEB}.Release|Any CPU.ActiveCfg = Release|Any CPU
		{2FFAB613-4F32-47EE-B789-166B573EECEB}.Release|Any CPU.Build.0 = Release|Any CPU
		{9264FD57-F19F-45AA-A324-8D48E834F821}.Debug|Any CPU.ActiveCfg = Debug|Any CPU
		{9264FD57-F19F-45AA-A324-8D48E834F821}.Debug|Any CPU.Build.0 = Debug|Any CPU
		{9264FD57-F19F-45AA-A324-8D48E834F821}.Release|Any CPU.ActiveCfg = Release|Any CPU
		{9264FD57-F19F-45AA-A324-8D48E834F821}.Release|Any CPU.Build.0 = Release|Any CPU
		{DF41994A-230F-49C2-8674-C8D2EE5E444C}.Debug|Any CPU.ActiveCfg = Debug|Any CPU
		{DF41994A-230F-49C2-8674-C8D2EE5E444C}.Debug|Any CPU.Build.0 = Debug|Any CPU
		{DF41994A-230F-49C2-8674-C8D2EE5E444C}.Release|Any CPU.ActiveCfg = Release|Any CPU
		{DF41994A-230F-49C2-8674-C8D2EE5E444C}.Release|Any CPU.Build.0 = Release|Any CPU
		{7AAD5BFE-6017-4ED3-9414-ECAE22F46D4F}.Debug|Any CPU.ActiveCfg = Debug|Any CPU
		{7AAD5BFE-6017-4ED3-9414-ECAE22F46D4F}.Debug|Any CPU.Build.0 = Debug|Any CPU
		{7AAD5BFE-6017-4ED3-9414-ECAE22F46D4F}.Release|Any CPU.ActiveCfg = Release|Any CPU
		{7AAD5BFE-6017-4ED3-9414-ECAE22F46D4F}.Release|Any CPU.Build.0 = Release|Any CPU
		{762E0E75-61F8-4056-9C73-C85A34BC1EC8}.Debug|Any CPU.ActiveCfg = Debug|Any CPU
		{762E0E75-61F8-4056-9C73-C85A34BC1EC8}.Debug|Any CPU.Build.0 = Debug|Any CPU
		{762E0E75-61F8-4056-9C73-C85A34BC1EC8}.Release|Any CPU.ActiveCfg = Release|Any CPU
		{762E0E75-61F8-4056-9C73-C85A34BC1EC8}.Release|Any CPU.Build.0 = Release|Any CPU
		{ECA8C91C-9C46-4FA9-A1AB-5AFFF7E28A3E}.Debug|Any CPU.ActiveCfg = Debug|Any CPU
		{ECA8C91C-9C46-4FA9-A1AB-5AFFF7E28A3E}.Debug|Any CPU.Build.0 = Debug|Any CPU
		{ECA8C91C-9C46-4FA9-A1AB-5AFFF7E28A3E}.Release|Any CPU.ActiveCfg = Release|Any CPU
		{ECA8C91C-9C46-4FA9-A1AB-5AFFF7E28A3E}.Release|Any CPU.Build.0 = Release|Any CPU
		{C66CFC6D-0C67-4716-BBFD-D2DC885B1C9B}.Debug|Any CPU.ActiveCfg = Debug|Any CPU
		{C66CFC6D-0C67-4716-BBFD-D2DC885B1C9B}.Debug|Any CPU.Build.0 = Debug|Any CPU
		{C66CFC6D-0C67-4716-BBFD-D2DC885B1C9B}.Release|Any CPU.ActiveCfg = Release|Any CPU
		{C66CFC6D-0C67-4716-BBFD-D2DC885B1C9B}.Release|Any CPU.Build.0 = Release|Any CPU
	EndGlobalSection
	GlobalSection(SolutionProperties) = preSolution
		HideSolutionNode = FALSE
	EndGlobalSection
	GlobalSection(NestedProjects) = preSolution
		{DF0EEABE-B3BF-476E-BB91-422A158ABB7D} = {041C48F9-5561-4371-B11F-CE0C4095F92C}
		{290C4193-D47E-4EC6-9890-8F1793CA21D8} = {041C48F9-5561-4371-B11F-CE0C4095F92C}
		{45F2C2A4-A692-4DEC-B7D3-4836675C3D99} = {041C48F9-5561-4371-B11F-CE0C4095F92C}
		{BF67E6F3-A745-4EE8-98A5-E162304DFB48} = {DF0EEABE-B3BF-476E-BB91-422A158ABB7D}
		{51D00AE0-5DE9-44D6-8FC2-A7E7DF29DD2C} = {6BBFA55B-A8F7-4C71-A1B3-72DC0782F130}
		{6FE9D463-4814-4281-9687-DF581F206E83} = {404F04A8-0D26-42D8-BA98-260BFDAB1D7F}
		{753F4E8A-C77F-4563-81C4-49B9F806B907} = {404F04A8-0D26-42D8-BA98-260BFDAB1D7F}
		{DAF12E78-3D07-4406-BC2E-5BC45BB7BE46} = {B1CEC8BF-02BF-4B8A-A984-FBEBF4BB4394}
		{442E5A65-4334-4B9B-8494-8C0EF2204DD4} = {B1CEC8BF-02BF-4B8A-A984-FBEBF4BB4394}
		{BB502AE1-1D5D-41DF-B468-12D881679904} = {B1CEC8BF-02BF-4B8A-A984-FBEBF4BB4394}
		{BA61122B-58B2-4022-BDBD-C8D14620E048} = {BB502AE1-1D5D-41DF-B468-12D881679904}
		{2616F128-6387-4BED-84A3-036A80201A87} = {BB502AE1-1D5D-41DF-B468-12D881679904}
		{0657E571-82F3-4773-B713-94C197FAC37C} = {BB502AE1-1D5D-41DF-B468-12D881679904}
		{406F300B-0DBD-41EC-8B21-FFCB92AE304F} = {B1CEC8BF-02BF-4B8A-A984-FBEBF4BB4394}
		{CADF60A8-3B97-4649-B951-746806222EDD} = {DF0EEABE-B3BF-476E-BB91-422A158ABB7D}
		{DB9EA682-AB47-4147-A8B7-093E32962765} = {404F04A8-0D26-42D8-BA98-260BFDAB1D7F}
		{A0088E10-3D55-43B4-8985-2410181F00C1} = {404F04A8-0D26-42D8-BA98-260BFDAB1D7F}
		{2FFAB613-4F32-47EE-B789-166B573EECEB} = {404F04A8-0D26-42D8-BA98-260BFDAB1D7F}
		{9264FD57-F19F-45AA-A324-8D48E834F821} = {290C4193-D47E-4EC6-9890-8F1793CA21D8}
		{EC7D5BA8-FD8C-4B1D-B610-2FCE70C831E5} = {041C48F9-5561-4371-B11F-CE0C4095F92C}
		{DF41994A-230F-49C2-8674-C8D2EE5E444C} = {EC7D5BA8-FD8C-4B1D-B610-2FCE70C831E5}
		{7AAD5BFE-6017-4ED3-9414-ECAE22F46D4F} = {404F04A8-0D26-42D8-BA98-260BFDAB1D7F}
		{762E0E75-61F8-4056-9C73-C85A34BC1EC8} = {404F04A8-0D26-42D8-BA98-260BFDAB1D7F}
		{ECA8C91C-9C46-4FA9-A1AB-5AFFF7E28A3E} = {45F2C2A4-A692-4DEC-B7D3-4836675C3D99}
		{C66CFC6D-0C67-4716-BBFD-D2DC885B1C9B} = {9FACB3B0-4D1D-456A-87E4-3BA202EA9B1E}
	EndGlobalSection
	GlobalSection(ExtensibilityGlobals) = postSolution
		SolutionGuid = {02260A20-C2C8-467A-8E4F-2958FC962660}
	EndGlobalSection
EndGlobal
